// !$*UTF8*$!
{
	archiveVersion = 1;
	classes = {
	};
	objectVersion = 51;
	objects = {

/* Begin PBXBuildFile section */
		0F2733B9247ECC1100B7104A /* ListDataModel.xcdatamodeld in Sources */ = {isa = PBXBuildFile; fileRef = 0F2733B7247ECC1100B7104A /* ListDataModel.xcdatamodeld */; };
		0F30E0E9247C3A4D00C5EF74 /* AppDelegate.swift in Sources */ = {isa = PBXBuildFile; fileRef = 0F30E0E8247C3A4D00C5EF74 /* AppDelegate.swift */; };
		0F30E0EB247C3A4D00C5EF74 /* SceneDelegate.swift in Sources */ = {isa = PBXBuildFile; fileRef = 0F30E0EA247C3A4D00C5EF74 /* SceneDelegate.swift */; };
		0F30E0ED247C3A4D00C5EF74 /* ToDoListViewController.swift in Sources */ = {isa = PBXBuildFile; fileRef = 0F30E0EC247C3A4D00C5EF74 /* ToDoListViewController.swift */; };
		0F30E0F0247C3A4D00C5EF74 /* Main.storyboard in Resources */ = {isa = PBXBuildFile; fileRef = 0F30E0EE247C3A4D00C5EF74 /* Main.storyboard */; };
		0F30E0F2247C3A5600C5EF74 /* Assets.xcassets in Resources */ = {isa = PBXBuildFile; fileRef = 0F30E0F1247C3A5600C5EF74 /* Assets.xcassets */; };
		0F30E0F5247C3A5600C5EF74 /* LaunchScreen.storyboard in Resources */ = {isa = PBXBuildFile; fileRef = 0F30E0F3247C3A5600C5EF74 /* LaunchScreen.storyboard */; };
		0F30E0FF247C3DEB00C5EF74 /* Constants.swift in Sources */ = {isa = PBXBuildFile; fileRef = 0F30E0FE247C3DEB00C5EF74 /* Constants.swift */; };
		0F30E106247C40D800C5EF74 /* CategoryViewController.swift in Sources */ = {isa = PBXBuildFile; fileRef = 0F30E105247C40D800C5EF74 /* CategoryViewController.swift */; };
		71412618D2072BAD9E66D5C6 /* Pods_ToDo.framework in Frameworks */ = {isa = PBXBuildFile; fileRef = 0FF880130760A45D0ABE2A98 /* Pods_ToDo.framework */; };
/* End PBXBuildFile section */

/* Begin PBXFileReference section */
		09E67DAC55D8643F2904C1D3 /* Pods-ToDo.debug.xcconfig */ = {isa = PBXFileReference; includeInIndex = 1; lastKnownFileType = text.xcconfig; name = "Pods-ToDo.debug.xcconfig"; path = "Target Support Files/Pods-ToDo/Pods-ToDo.debug.xcconfig"; sourceTree = "<group>"; };
		0F2733B8247ECC1100B7104A /* ListDataModel.xcdatamodel */ = {isa = PBXFileReference; lastKnownFileType = wrapper.xcdatamodel; path = ListDataModel.xcdatamodel; sourceTree = "<group>"; };
		0F30E0E5247C3A4D00C5EF74 /* ToDo.app */ = {isa = PBXFileReference; explicitFileType = wrapper.application; includeInIndex = 0; path = ToDo.app; sourceTree = BUILT_PRODUCTS_DIR; };
		0F30E0E8247C3A4D00C5EF74 /* AppDelegate.swift */ = {isa = PBXFileReference; lastKnownFileType = sourcecode.swift; path = AppDelegate.swift; sourceTree = "<group>"; };
		0F30E0EA247C3A4D00C5EF74 /* SceneDelegate.swift */ = {isa = PBXFileReference; lastKnownFileType = sourcecode.swift; path = SceneDelegate.swift; sourceTree = "<group>"; };
		0F30E0EC247C3A4D00C5EF74 /* ToDoListViewController.swift */ = {isa = PBXFileReference; lastKnownFileType = sourcecode.swift; path = ToDoListViewController.swift; sourceTree = "<group>"; };
		0F30E0EF247C3A4D00C5EF74 /* Base */ = {isa = PBXFileReference; lastKnownFileType = file.storyboard; name = Base; path = Base.lproj/Main.storyboard; sourceTree = "<group>"; };
		0F30E0F1247C3A5600C5EF74 /* Assets.xcassets */ = {isa = PBXFileReference; lastKnownFileType = folder.assetcatalog; path = Assets.xcassets; sourceTree = "<group>"; };
		0F30E0F4247C3A5600C5EF74 /* Base */ = {isa = PBXFileReference; lastKnownFileType = file.storyboard; name = Base; path = Base.lproj/LaunchScreen.storyboard; sourceTree = "<group>"; };
		0F30E0F6247C3A5600C5EF74 /* Info.plist */ = {isa = PBXFileReference; lastKnownFileType = text.plist.xml; path = Info.plist; sourceTree = "<group>"; };
		0F30E0FE247C3DEB00C5EF74 /* Constants.swift */ = {isa = PBXFileReference; lastKnownFileType = sourcecode.swift; path = Constants.swift; sourceTree = "<group>"; };
		0F30E105247C40D800C5EF74 /* CategoryViewController.swift */ = {isa = PBXFileReference; lastKnownFileType = sourcecode.swift; path = CategoryViewController.swift; sourceTree = "<group>"; };
		0FF880130760A45D0ABE2A98 /* Pods_ToDo.framework */ = {isa = PBXFileReference; explicitFileType = wrapper.framework; includeInIndex = 0; path = Pods_ToDo.framework; sourceTree = BUILT_PRODUCTS_DIR; };
		9F7F0FD989C4FEAB7F4D5CE4 /* Pods-ToDo.release.xcconfig */ = {isa = PBXFileReference; includeInIndex = 1; lastKnownFileType = text.xcconfig; name = "Pods-ToDo.release.xcconfig"; path = "Target Support Files/Pods-ToDo/Pods-ToDo.release.xcconfig"; sourceTree = "<group>"; };
/* End PBXFileReference section */

/* Begin PBXFrameworksBuildPhase section */
		0F30E0E2247C3A4D00C5EF74 /* Frameworks */ = {
			isa = PBXFrameworksBuildPhase;
			buildActionMask = 2147483647;
			files = (
				71412618D2072BAD9E66D5C6 /* Pods_ToDo.framework in Frameworks */,
			);
			runOnlyForDeploymentPostprocessing = 0;
		};
/* End PBXFrameworksBuildPhase section */

/* Begin PBXGroup section */
		0F30E0DC247C3A4C00C5EF74 = {
			isa = PBXGroup;
			children = (
				0F30E0E7247C3A4D00C5EF74 /* ToDo */,
				0F30E0E6247C3A4D00C5EF74 /* Products */,
				D37277F16942DEB73C3FF25B /* Pods */,
				1621AE318771DCCD45B207DA /* Frameworks */,
			);
			sourceTree = "<group>";
		};
		0F30E0E6247C3A4D00C5EF74 /* Products */ = {
			isa = PBXGroup;
			children = (
				0F30E0E5247C3A4D00C5EF74 /* ToDo.app */,
			);
			name = Products;
			sourceTree = "<group>";
		};
		0F30E0E7247C3A4D00C5EF74 /* ToDo */ = {
			isa = PBXGroup;
			children = (
				0F30E104247C3F3200C5EF74 /* AppDelegate */,
				0F30E103247C3F2D00C5EF74 /* Models */,
				0F30E102247C3F2700C5EF74 /* Views */,
				0F30E101247C3F1C00C5EF74 /* Controllers */,
				0F30E100247C3F0100C5EF74 /* Resources */,
				0F30E0FC247C3DB300C5EF74 /* SupportingFiles */,
			);
			path = ToDo;
			sourceTree = "<group>";
		};
		0F30E0FC247C3DB300C5EF74 /* SupportingFiles */ = {
			isa = PBXGroup;
			children = (
				0F30E0F6247C3A5600C5EF74 /* Info.plist */,
				0F30E0FD247C3DDA00C5EF74 /* Constants */,
			);
			path = SupportingFiles;
			sourceTree = "<group>";
		};
		0F30E0FD247C3DDA00C5EF74 /* Constants */ = {
			isa = PBXGroup;
			children = (
				0F30E0FE247C3DEB00C5EF74 /* Constants.swift */,
			);
			path = Constants;
			sourceTree = "<group>";
		};
		0F30E100247C3F0100C5EF74 /* Resources */ = {
			isa = PBXGroup;
			children = (
				0F30E0F1247C3A5600C5EF74 /* Assets.xcassets */,
			);
			path = Resources;
			sourceTree = "<group>";
		};
		0F30E101247C3F1C00C5EF74 /* Controllers */ = {
			isa = PBXGroup;
			children = (
				0F30E105247C40D800C5EF74 /* CategoryViewController.swift */,
				0F30E0EC247C3A4D00C5EF74 /* ToDoListViewController.swift */,
			);
			path = Controllers;
			sourceTree = "<group>";
		};
		0F30E102247C3F2700C5EF74 /* Views */ = {
			isa = PBXGroup;
			children = (
				0F30E0EE247C3A4D00C5EF74 /* Main.storyboard */,
				0F30E0F3247C3A5600C5EF74 /* LaunchScreen.storyboard */,
			);
			path = Views;
			sourceTree = "<group>";
		};
		0F30E103247C3F2D00C5EF74 /* Models */ = {
			isa = PBXGroup;
			children = (
				0F2733B7247ECC1100B7104A /* ListDataModel.xcdatamodeld */,
			);
			path = Models;
			sourceTree = "<group>";
		};
		0F30E104247C3F3200C5EF74 /* AppDelegate */ = {
			isa = PBXGroup;
			children = (
				0F30E0E8247C3A4D00C5EF74 /* AppDelegate.swift */,
				0F30E0EA247C3A4D00C5EF74 /* SceneDelegate.swift */,
			);
			path = AppDelegate;
			sourceTree = "<group>";
		};
		1621AE318771DCCD45B207DA /* Frameworks */ = {
			isa = PBXGroup;
			children = (
				0FF880130760A45D0ABE2A98 /* Pods_ToDo.framework */,
			);
			name = Frameworks;
			sourceTree = "<group>";
		};
		D37277F16942DEB73C3FF25B /* Pods */ = {
			isa = PBXGroup;
			children = (
				09E67DAC55D8643F2904C1D3 /* Pods-ToDo.debug.xcconfig */,
				9F7F0FD989C4FEAB7F4D5CE4 /* Pods-ToDo.release.xcconfig */,
			);
			path = Pods;
			sourceTree = "<group>";
		};
/* End PBXGroup section */

/* Begin PBXNativeTarget section */
		0F30E0E4247C3A4D00C5EF74 /* ToDo */ = {
			isa = PBXNativeTarget;
			buildConfigurationList = 0F30E0F9247C3A5600C5EF74 /* Build configuration list for PBXNativeTarget "ToDo" */;
			buildPhases = (
				B35671A824F188CCD8884BDB /* [CP] Check Pods Manifest.lock */,
				0F30E0E1247C3A4D00C5EF74 /* Sources */,
				0F30E0E2247C3A4D00C5EF74 /* Frameworks */,
				0F30E0E3247C3A4D00C5EF74 /* Resources */,
				AABDC51DFA85DE4CB48E5C17 /* [CP] Embed Pods Frameworks */,
			);
			buildRules = (
			);
			dependencies = (
			);
			name = ToDo;
			productName = ToDo;
			productReference = 0F30E0E5247C3A4D00C5EF74 /* ToDo.app */;
			productType = "com.apple.product-type.application";
		};
/* End PBXNativeTarget section */

/* Begin PBXProject section */
		0F30E0DD247C3A4C00C5EF74 /* Project object */ = {
			isa = PBXProject;
			attributes = {
				LastSwiftUpdateCheck = 1150;
				LastUpgradeCheck = 1150;
				ORGANIZATIONNAME = "Claudia Cavalini Maganhi";
				TargetAttributes = {
					0F30E0E4247C3A4D00C5EF74 = {
						CreatedOnToolsVersion = 11.5;
					};
				};
			};
			buildConfigurationList = 0F30E0E0247C3A4D00C5EF74 /* Build configuration list for PBXProject "ToDo" */;
			compatibilityVersion = "Xcode 9.3";
			developmentRegion = en;
			hasScannedForEncodings = 0;
			knownRegions = (
				en,
				Base,
			);
			mainGroup = 0F30E0DC247C3A4C00C5EF74;
			productRefGroup = 0F30E0E6247C3A4D00C5EF74 /* Products */;
			projectDirPath = "";
			projectRoot = "";
			targets = (
				0F30E0E4247C3A4D00C5EF74 /* ToDo */,
			);
		};
/* End PBXProject section */

/* Begin PBXResourcesBuildPhase section */
		0F30E0E3247C3A4D00C5EF74 /* Resources */ = {
			isa = PBXResourcesBuildPhase;
			buildActionMask = 2147483647;
			files = (
				0F30E0F5247C3A5600C5EF74 /* LaunchScreen.storyboard in Resources */,
				0F30E0F2247C3A5600C5EF74 /* Assets.xcassets in Resources */,
				0F30E0F0247C3A4D00C5EF74 /* Main.storyboard in Resources */,
			);
			runOnlyForDeploymentPostprocessing = 0;
		};
/* End PBXResourcesBuildPhase section */

/* Begin PBXShellScriptBuildPhase section */
		AABDC51DFA85DE4CB48E5C17 /* [CP] Embed Pods Frameworks */ = {
			isa = PBXShellScriptBuildPhase;
			buildActionMask = 2147483647;
			files = (
			);
			inputFileListPaths = (
				"${PODS_ROOT}/Target Support Files/Pods-ToDo/Pods-ToDo-frameworks-${CONFIGURATION}-input-files.xcfilelist",
			);
			name = "[CP] Embed Pods Frameworks";
			outputFileListPaths = (
				"${PODS_ROOT}/Target Support Files/Pods-ToDo/Pods-ToDo-frameworks-${CONFIGURATION}-output-files.xcfilelist",
			);
			runOnlyForDeploymentPostprocessing = 0;
			shellPath = /bin/sh;
			shellScript = "\"${PODS_ROOT}/Target Support Files/Pods-ToDo/Pods-ToDo-frameworks.sh\"\n";
			showEnvVarsInLog = 0;
		};
		B35671A824F188CCD8884BDB /* [CP] Check Pods Manifest.lock */ = {
			isa = PBXShellScriptBuildPhase;
			buildActionMask = 2147483647;
			files = (
			);
			inputFileListPaths = (
			);
			inputPaths = (
				"${PODS_PODFILE_DIR_PATH}/Podfile.lock",
				"${PODS_ROOT}/Manifest.lock",
			);
			name = "[CP] Check Pods Manifest.lock";
			outputFileListPaths = (
			);
			outputPaths = (
				"$(DERIVED_FILE_DIR)/Pods-ToDo-checkManifestLockResult.txt",
			);
			runOnlyForDeploymentPostprocessing = 0;
			shellPath = /bin/sh;
			shellScript = "diff \"${PODS_PODFILE_DIR_PATH}/Podfile.lock\" \"${PODS_ROOT}/Manifest.lock\" > /dev/null\nif [ $? != 0 ] ; then\n    # print error to STDERR\n    echo \"error: The sandbox is not in sync with the Podfile.lock. Run 'pod install' or update your CocoaPods installation.\" >&2\n    exit 1\nfi\n# This output is used by Xcode 'outputs' to avoid re-running this script phase.\necho \"SUCCESS\" > \"${SCRIPT_OUTPUT_FILE_0}\"\n";
			showEnvVarsInLog = 0;
		};
/* End PBXShellScriptBuildPhase section */

/* Begin PBXSourcesBuildPhase section */
		0F30E0E1247C3A4D00C5EF74 /* Sources */ = {
			isa = PBXSourcesBuildPhase;
			buildActionMask = 2147483647;
			files = (
				0F30E0ED247C3A4D00C5EF74 /* ToDoListViewController.swift in Sources */,
				0F30E0E9247C3A4D00C5EF74 /* AppDelegate.swift in Sources */,
				0F30E0EB247C3A4D00C5EF74 /* SceneDelegate.swift in Sources */,
				0F30E0FF247C3DEB00C5EF74 /* Constants.swift in Sources */,
				0F30E106247C40D800C5EF74 /* CategoryViewController.swift in Sources */,
				0F2733B9247ECC1100B7104A /* ListDataModel.xcdatamodeld in Sources */,
			);
			runOnlyForDeploymentPostprocessing = 0;
		};
/* End PBXSourcesBuildPhase section */

/* Begin PBXVariantGroup section */
		0F30E0EE247C3A4D00C5EF74 /* Main.storyboard */ = {
			isa = PBXVariantGroup;
			children = (
				0F30E0EF247C3A4D00C5EF74 /* Base */,
			);
			name = Main.storyboard;
			sourceTree = "<group>";
		};
		0F30E0F3247C3A5600C5EF74 /* LaunchScreen.storyboard */ = {
			isa = PBXVariantGroup;
			children = (
				0F30E0F4247C3A5600C5EF74 /* Base */,
			);
			name = LaunchScreen.storyboard;
			sourceTree = "<group>";
		};
/* End PBXVariantGroup section */

/* Begin XCBuildConfiguration section */
		0F30E0F7247C3A5600C5EF74 /* Debug */ = {
			isa = XCBuildConfiguration;
			buildSettings = {
				ALWAYS_SEARCH_USER_PATHS = NO;
				CLANG_ANALYZER_NONNULL = YES;
				CLANG_ANALYZER_NUMBER_OBJECT_CONVERSION = YES_AGGRESSIVE;
				CLANG_CXX_LANGUAGE_STANDARD = "gnu++14";
				CLANG_CXX_LIBRARY = "libc++";
				CLANG_ENABLE_MODULES = YES;
				CLANG_ENABLE_OBJC_ARC = YES;
				CLANG_ENABLE_OBJC_WEAK = YES;
				CLANG_WARN_BLOCK_CAPTURE_AUTORELEASING = YES;
				CLANG_WARN_BOOL_CONVERSION = YES;
				CLANG_WARN_COMMA = YES;
				CLANG_WARN_CONSTANT_CONVERSION = YES;
				CLANG_WARN_DEPRECATED_OBJC_IMPLEMENTATIONS = YES;
				CLANG_WARN_DIRECT_OBJC_ISA_USAGE = YES_ERROR;
				CLANG_WARN_DOCUMENTATION_COMMENTS = YES;
				CLANG_WARN_EMPTY_BODY = YES;
				CLANG_WARN_ENUM_CONVERSION = YES;
				CLANG_WARN_INFINITE_RECURSION = YES;
				CLANG_WARN_INT_CONVERSION = YES;
				CLANG_WARN_NON_LITERAL_NULL_CONVERSION = YES;
				CLANG_WARN_OBJC_IMPLICIT_RETAIN_SELF = YES;
				CLANG_WARN_OBJC_LITERAL_CONVERSION = YES;
				CLANG_WARN_OBJC_ROOT_CLASS = YES_ERROR;
				CLANG_WARN_RANGE_LOOP_ANALYSIS = YES;
				CLANG_WARN_STRICT_PROTOTYPES = YES;
				CLANG_WARN_SUSPICIOUS_MOVE = YES;
				CLANG_WARN_UNGUARDED_AVAILABILITY = YES_AGGRESSIVE;
				CLANG_WARN_UNREACHABLE_CODE = YES;
				CLANG_WARN__DUPLICATE_METHOD_MATCH = YES;
				COPY_PHASE_STRIP = NO;
				DEBUG_INFORMATION_FORMAT = dwarf;
				ENABLE_STRICT_OBJC_MSGSEND = YES;
				ENABLE_TESTABILITY = YES;
				GCC_C_LANGUAGE_STANDARD = gnu11;
				GCC_DYNAMIC_NO_PIC = NO;
				GCC_NO_COMMON_BLOCKS = YES;
				GCC_OPTIMIZATION_LEVEL = 0;
				GCC_PREPROCESSOR_DEFINITIONS = (
					"DEBUG=1",
					"$(inherited)",
				);
				GCC_WARN_64_TO_32_BIT_CONVERSION = YES;
				GCC_WARN_ABOUT_RETURN_TYPE = YES_ERROR;
				GCC_WARN_UNDECLARED_SELECTOR = YES;
				GCC_WARN_UNINITIALIZED_AUTOS = YES_AGGRESSIVE;
				GCC_WARN_UNUSED_FUNCTION = YES;
				GCC_WARN_UNUSED_VARIABLE = YES;
				IPHONEOS_DEPLOYMENT_TARGET = 13.5;
				MTL_ENABLE_DEBUG_INFO = INCLUDE_SOURCE;
				MTL_FAST_MATH = YES;
				ONLY_ACTIVE_ARCH = YES;
				SDKROOT = iphoneos;
				SWIFT_ACTIVE_COMPILATION_CONDITIONS = DEBUG;
				SWIFT_OPTIMIZATION_LEVEL = "-Onone";
			};
			name = Debug;
		};
		0F30E0F8247C3A5600C5EF74 /* Release */ = {
			isa = XCBuildConfiguration;
			buildSettings = {
				ALWAYS_SEARCH_USER_PATHS = NO;
				CLANG_ANALYZER_NONNULL = YES;
				CLANG_ANALYZER_NUMBER_OBJECT_CONVERSION = YES_AGGRESSIVE;
				CLANG_CXX_LANGUAGE_STANDARD = "gnu++14";
				CLANG_CXX_LIBRARY = "libc++";
				CLANG_ENABLE_MODULES = YES;
				CLANG_ENABLE_OBJC_ARC = YES;
				CLANG_ENABLE_OBJC_WEAK = YES;
				CLANG_WARN_BLOCK_CAPTURE_AUTORELEASING = YES;
				CLANG_WARN_BOOL_CONVERSION = YES;
				CLANG_WARN_COMMA = YES;
				CLANG_WARN_CONSTANT_CONVERSION = YES;
				CLANG_WARN_DEPRECATED_OBJC_IMPLEMENTATIONS = YES;
				CLANG_WARN_DIRECT_OBJC_ISA_USAGE = YES_ERROR;
				CLANG_WARN_DOCUMENTATION_COMMENTS = YES;
				CLANG_WARN_EMPTY_BODY = YES;
				CLANG_WARN_ENUM_CONVERSION = YES;
				CLANG_WARN_INFINITE_RECURSION = YES;
				CLANG_WARN_INT_CONVERSION = YES;
				CLANG_WARN_NON_LITERAL_NULL_CONVERSION = YES;
				CLANG_WARN_OBJC_IMPLICIT_RETAIN_SELF = YES;
				CLANG_WARN_OBJC_LITERAL_CONVERSION = YES;
				CLANG_WARN_OBJC_ROOT_CLASS = YES_ERROR;
				CLANG_WARN_RANGE_LOOP_ANALYSIS = YES;
				CLANG_WARN_STRICT_PROTOTYPES = YES;
				CLANG_WARN_SUSPICIOUS_MOVE = YES;
				CLANG_WARN_UNGUARDED_AVAILABILITY = YES_AGGRESSIVE;
				CLANG_WARN_UNREACHABLE_CODE = YES;
				CLANG_WARN__DUPLICATE_METHOD_MATCH = YES;
				COPY_PHASE_STRIP = NO;
				DEBUG_INFORMATION_FORMAT = "dwarf-with-dsym";
				ENABLE_NS_ASSERTIONS = NO;
				ENABLE_STRICT_OBJC_MSGSEND = YES;
				GCC_C_LANGUAGE_STANDARD = gnu11;
				GCC_NO_COMMON_BLOCKS = YES;
				GCC_WARN_64_TO_32_BIT_CONVERSION = YES;
				GCC_WARN_ABOUT_RETURN_TYPE = YES_ERROR;
				GCC_WARN_UNDECLARED_SELECTOR = YES;
				GCC_WARN_UNINITIALIZED_AUTOS = YES_AGGRESSIVE;
				GCC_WARN_UNUSED_FUNCTION = YES;
				GCC_WARN_UNUSED_VARIABLE = YES;
				IPHONEOS_DEPLOYMENT_TARGET = 13.5;
				MTL_ENABLE_DEBUG_INFO = NO;
				MTL_FAST_MATH = YES;
				SDKROOT = iphoneos;
				SWIFT_COMPILATION_MODE = wholemodule;
				SWIFT_OPTIMIZATION_LEVEL = "-O";
				VALIDATE_PRODUCT = YES;
			};
			name = Release;
		};
		0F30E0FA247C3A5600C5EF74 /* Debug */ = {
			isa = XCBuildConfiguration;
			baseConfigurationReference = 09E67DAC55D8643F2904C1D3 /* Pods-ToDo.debug.xcconfig */;
			buildSettings = {
				ASSETCATALOG_COMPILER_APPICON_NAME = AppIcon;
				CODE_SIGN_STYLE = Automatic;
				DEVELOPMENT_TEAM = JM4J5P89JC;
				INFOPLIST_FILE = "$(SRCROOT)/ToDo/SupportingFiles/Info.plist";
				LD_RUNPATH_SEARCH_PATHS = (
					"$(inherited)",
					"@executable_path/Frameworks",
				);
				PRODUCT_BUNDLE_IDENTIFIER = claudiamaganhi.ToDo;
				PRODUCT_NAME = "$(TARGET_NAME)";
				SWIFT_VERSION = 5.0;
				TARGETED_DEVICE_FAMILY = "1,2";
			};
			name = Debug;
		};
		0F30E0FB247C3A5600C5EF74 /* Release */ = {
			isa = XCBuildConfiguration;
			baseConfigurationReference = 9F7F0FD989C4FEAB7F4D5CE4 /* Pods-ToDo.release.xcconfig */;
			buildSettings = {
				ASSETCATALOG_COMPILER_APPICON_NAME = AppIcon;
				CODE_SIGN_STYLE = Automatic;
				DEVELOPMENT_TEAM = JM4J5P89JC;
				INFOPLIST_FILE = "$(SRCROOT)/ToDo/SupportingFiles/Info.plist";
				LD_RUNPATH_SEARCH_PATHS = (
					"$(inherited)",
					"@executable_path/Frameworks",
				);
				PRODUCT_BUNDLE_IDENTIFIER = claudiamaganhi.ToDo;
				PRODUCT_NAME = "$(TARGET_NAME)";
				SWIFT_VERSION = 5.0;
				TARGETED_DEVICE_FAMILY = "1,2";
			};
			name = Release;
		};
/* End XCBuildConfiguration section */

/* Begin XCConfigurationList section */
		0F30E0E0247C3A4D00C5EF74 /* Build configuration list for PBXProject "ToDo" */ = {
			isa = XCConfigurationList;
			buildConfigurations = (
				0F30E0F7247C3A5600C5EF74 /* Debug */,
				0F30E0F8247C3A5600C5EF74 /* Release */,
			);
			defaultConfigurationIsVisible = 0;
			defaultConfigurationName = Release;
		};
		0F30E0F9247C3A5600C5EF74 /* Build configuration list for PBXNativeTarget "ToDo" */ = {
			isa = XCConfigurationList;
			buildConfigurations = (
				0F30E0FA247C3A5600C5EF74 /* Debug */,
				0F30E0FB247C3A5600C5EF74 /* Release */,
			);
			defaultConfigurationIsVisible = 0;
			defaultConfigurationName = Release;
		};
/* End XCConfigurationList section */

/* Begin XCVersionGroup section */
		0F2733B7247ECC1100B7104A /* ListDataModel.xcdatamodeld */ = {
			isa = XCVersionGroup;
			children = (
				0F2733B8247ECC1100B7104A /* ListDataModel.xcdatamodel */,
			);
			currentVersion = 0F2733B8247ECC1100B7104A /* ListDataModel.xcdatamodel */;
			path = ListDataModel.xcdatamodeld;
			sourceTree = "<group>";
			versionGroupType = wrapper.xcdatamodel;
		};
/* End XCVersionGroup section */
	};
	rootObject = 0F30E0DD247C3A4C00C5EF74 /* Project object */;
}
